// !$*UTF8*$!
{
	archiveVersion = 1;
	classes = {
	};
	objectVersion = 50;
	objects = {

/* Begin PBXBuildFile section */
		2ECCBF9D20EDF3FD0019A259 /* ViewController.swift in Sources */ = {isa = PBXBuildFile; fileRef = 2ECCBF9C20EDF3FD0019A259 /* ViewController.swift */; };
		C74AC53720ED477000B22D49 /* AppDelegate.swift in Sources */ = {isa = PBXBuildFile; fileRef = C74AC53620ED477000B22D49 /* AppDelegate.swift */; };
		C74AC53C20ED477000B22D49 /* Main.storyboard in Resources */ = {isa = PBXBuildFile; fileRef = C74AC53A20ED477000B22D49 /* Main.storyboard */; };
		C74AC53E20ED477100B22D49 /* Assets.xcassets in Resources */ = {isa = PBXBuildFile; fileRef = C74AC53D20ED477100B22D49 /* Assets.xcassets */; };
		C74AC54120ED477100B22D49 /* LaunchScreen.storyboard in Resources */ = {isa = PBXBuildFile; fileRef = C74AC53F20ED477100B22D49 /* LaunchScreen.storyboard */; };
		C74AC54C20ED477100B22D49 /* SampleAppTests.swift in Sources */ = {isa = PBXBuildFile; fileRef = C74AC54B20ED477100B22D49 /* SampleAppTests.swift */; };
		C74AC55720ED477100B22D49 /* SampleAppUITests.swift in Sources */ = {isa = PBXBuildFile; fileRef = C74AC55620ED477100B22D49 /* SampleAppUITests.swift */; };
		C74AC56C20EFFF4900B22D49 /* SWRevealViewController.m in Sources */ = {isa = PBXBuildFile; fileRef = C74AC56A20EFFF4800B22D49 /* SWRevealViewController.m */; };
/* End PBXBuildFile section */

/* Begin PBXContainerItemProxy section */
		C74AC54820ED477100B22D49 /* PBXContainerItemProxy */ = {
			isa = PBXContainerItemProxy;
			containerPortal = C74AC52B20ED477000B22D49 /* Project object */;
			proxyType = 1;
			remoteGlobalIDString = C74AC53220ED477000B22D49;
			remoteInfo = SampleApp;
		};
		C74AC55320ED477100B22D49 /* PBXContainerItemProxy */ = {
			isa = PBXContainerItemProxy;
			containerPortal = C74AC52B20ED477000B22D49 /* Project object */;
			proxyType = 1;
			remoteGlobalIDString = C74AC53220ED477000B22D49;
			remoteInfo = SampleApp;
		};
/* End PBXContainerItemProxy section */

/* Begin PBXFileReference section */
		2ECCBF9820EDF15B0019A259 /* SampleApp-Bridging-Header.h */ = {isa = PBXFileReference; lastKnownFileType = sourcecode.c.h; path = "SampleApp-Bridging-Header.h"; sourceTree = "<group>"; };
		2ECCBF9C20EDF3FD0019A259 /* ViewController.swift */ = {isa = PBXFileReference; lastKnownFileType = sourcecode.swift; path = ViewController.swift; sourceTree = "<group>"; };
		C74AC53320ED477000B22D49 /* SampleApp.app */ = {isa = PBXFileReference; explicitFileType = wrapper.application; includeInIndex = 0; path = SampleApp.app; sourceTree = BUILT_PRODUCTS_DIR; };
		C74AC53620ED477000B22D49 /* AppDelegate.swift */ = {isa = PBXFileReference; lastKnownFileType = sourcecode.swift; path = AppDelegate.swift; sourceTree = "<group>"; };
		C74AC53B20ED477000B22D49 /* Base */ = {isa = PBXFileReference; lastKnownFileType = file.storyboard; name = Base; path = Base.lproj/Main.storyboard; sourceTree = "<group>"; };
		C74AC53D20ED477100B22D49 /* Assets.xcassets */ = {isa = PBXFileReference; lastKnownFileType = folder.assetcatalog; path = Assets.xcassets; sourceTree = "<group>"; };
		C74AC54020ED477100B22D49 /* Base */ = {isa = PBXFileReference; lastKnownFileType = file.storyboard; name = Base; path = Base.lproj/LaunchScreen.storyboard; sourceTree = "<group>"; };
		C74AC54220ED477100B22D49 /* Info.plist */ = {isa = PBXFileReference; lastKnownFileType = text.plist.xml; path = Info.plist; sourceTree = "<group>"; };
		C74AC54720ED477100B22D49 /* SampleAppTests.xctest */ = {isa = PBXFileReference; explicitFileType = wrapper.cfbundle; includeInIndex = 0; path = SampleAppTests.xctest; sourceTree = BUILT_PRODUCTS_DIR; };
		C74AC54B20ED477100B22D49 /* SampleAppTests.swift */ = {isa = PBXFileReference; lastKnownFileType = sourcecode.swift; path = SampleAppTests.swift; sourceTree = "<group>"; };
		C74AC54D20ED477100B22D49 /* Info.plist */ = {isa = PBXFileReference; lastKnownFileType = text.plist.xml; path = Info.plist; sourceTree = "<group>"; };
		C74AC55220ED477100B22D49 /* SampleAppUITests.xctest */ = {isa = PBXFileReference; explicitFileType = wrapper.cfbundle; includeInIndex = 0; path = SampleAppUITests.xctest; sourceTree = BUILT_PRODUCTS_DIR; };
		C74AC55620ED477100B22D49 /* SampleAppUITests.swift */ = {isa = PBXFileReference; lastKnownFileType = sourcecode.swift; path = SampleAppUITests.swift; sourceTree = "<group>"; };
		C74AC55820ED477100B22D49 /* Info.plist */ = {isa = PBXFileReference; lastKnownFileType = text.plist.xml; path = Info.plist; sourceTree = "<group>"; };
		C74AC56A20EFFF4800B22D49 /* SWRevealViewController.m */ = {isa = PBXFileReference; fileEncoding = 4; lastKnownFileType = sourcecode.c.objc; path = SWRevealViewController.m; sourceTree = "<group>"; };
		C74AC56B20EFFF4900B22D49 /* SWRevealViewController.h */ = {isa = PBXFileReference; fileEncoding = 4; lastKnownFileType = sourcecode.c.h; path = SWRevealViewController.h; sourceTree = "<group>"; };
/* End PBXFileReference section */

/* Begin PBXFrameworksBuildPhase section */
		C74AC53020ED477000B22D49 /* Frameworks */ = {
			isa = PBXFrameworksBuildPhase;
			buildActionMask = 2147483647;
			files = (
			);
			runOnlyForDeploymentPostprocessing = 0;
		};
		C74AC54420ED477100B22D49 /* Frameworks */ = {
			isa = PBXFrameworksBuildPhase;
			buildActionMask = 2147483647;
			files = (
			);
			runOnlyForDeploymentPostprocessing = 0;
		};
		C74AC54F20ED477100B22D49 /* Frameworks */ = {
			isa = PBXFrameworksBuildPhase;
			buildActionMask = 2147483647;
			files = (
			);
			runOnlyForDeploymentPostprocessing = 0;
		};
/* End PBXFrameworksBuildPhase section */

/* Begin PBXGroup section */
		C74AC52A20ED477000B22D49 = {
			isa = PBXGroup;
			children = (
				C74AC53520ED477000B22D49 /* SampleApp */,
				C74AC54A20ED477100B22D49 /* SampleAppTests */,
				C74AC55520ED477100B22D49 /* SampleAppUITests */,
				C74AC53420ED477000B22D49 /* Products */,
			);
			sourceTree = "<group>";
		};
		C74AC53420ED477000B22D49 /* Products */ = {
			isa = PBXGroup;
			children = (
				C74AC53320ED477000B22D49 /* SampleApp.app */,
				C74AC54720ED477100B22D49 /* SampleAppTests.xctest */,
				C74AC55220ED477100B22D49 /* SampleAppUITests.xctest */,
			);
			name = Products;
			sourceTree = "<group>";
		};
		C74AC53520ED477000B22D49 /* SampleApp */ = {
			isa = PBXGroup;
			children = (
				C74AC53620ED477000B22D49 /* AppDelegate.swift */,
				C74AC53A20ED477000B22D49 /* Main.storyboard */,
				C74AC53D20ED477100B22D49 /* Assets.xcassets */,
				C74AC53F20ED477100B22D49 /* LaunchScreen.storyboard */,
				C74AC56B20EFFF4900B22D49 /* SWRevealViewController.h */,
				C74AC56A20EFFF4800B22D49 /* SWRevealViewController.m */,
				C74AC54220ED477100B22D49 /* Info.plist */,
				2ECCBF9820EDF15B0019A259 /* SampleApp-Bridging-Header.h */,
				2ECCBF9C20EDF3FD0019A259 /* ViewController.swift */,
			);
			path = SampleApp;
			sourceTree = "<group>";
		};
		C74AC54A20ED477100B22D49 /* SampleAppTests */ = {
			isa = PBXGroup;
			children = (
				C74AC54B20ED477100B22D49 /* SampleAppTests.swift */,
				C74AC54D20ED477100B22D49 /* Info.plist */,
			);
			path = SampleAppTests;
			sourceTree = "<group>";
		};
		C74AC55520ED477100B22D49 /* SampleAppUITests */ = {
			isa = PBXGroup;
			children = (
				C74AC55620ED477100B22D49 /* SampleAppUITests.swift */,
				C74AC55820ED477100B22D49 /* Info.plist */,
			);
			path = SampleAppUITests;
			sourceTree = "<group>";
		};
/* End PBXGroup section */

/* Begin PBXNativeTarget section */
		C74AC53220ED477000B22D49 /* SampleApp */ = {
			isa = PBXNativeTarget;
			buildConfigurationList = C74AC55B20ED477100B22D49 /* Build configuration list for PBXNativeTarget "SampleApp" */;
			buildPhases = (
				C74AC52F20ED477000B22D49 /* Sources */,
				C74AC53020ED477000B22D49 /* Frameworks */,
				C74AC53120ED477000B22D49 /* Resources */,
			);
			buildRules = (
			);
			dependencies = (
			);
			name = SampleApp;
			productName = SampleApp;
			productReference = C74AC53320ED477000B22D49 /* SampleApp.app */;
			productType = "com.apple.product-type.application";
		};
		C74AC54620ED477100B22D49 /* SampleAppTests */ = {
			isa = PBXNativeTarget;
			buildConfigurationList = C74AC55E20ED477100B22D49 /* Build configuration list for PBXNativeTarget "SampleAppTests" */;
			buildPhases = (
				C74AC54320ED477100B22D49 /* Sources */,
				C74AC54420ED477100B22D49 /* Frameworks */,
				C74AC54520ED477100B22D49 /* Resources */,
			);
			buildRules = (
			);
			dependencies = (
				C74AC54920ED477100B22D49 /* PBXTargetDependency */,
			);
			name = SampleAppTests;
			productName = SampleAppTests;
			productReference = C74AC54720ED477100B22D49 /* SampleAppTests.xctest */;
			productType = "com.apple.product-type.bundle.unit-test";
		};
		C74AC55120ED477100B22D49 /* SampleAppUITests */ = {
			isa = PBXNativeTarget;
			buildConfigurationList = C74AC56120ED477100B22D49 /* Build configuration list for PBXNativeTarget "SampleAppUITests" */;
			buildPhases = (
				C74AC54E20ED477100B22D49 /* Sources */,
				C74AC54F20ED477100B22D49 /* Frameworks */,
				C74AC55020ED477100B22D49 /* Resources */,
			);
			buildRules = (
			);
			dependencies = (
				C74AC55420ED477100B22D49 /* PBXTargetDependency */,
			);
			name = SampleAppUITests;
			productName = SampleAppUITests;
			productReference = C74AC55220ED477100B22D49 /* SampleAppUITests.xctest */;
			productType = "com.apple.product-type.bundle.ui-testing";
		};
/* End PBXNativeTarget section */

/* Begin PBXProject section */
		C74AC52B20ED477000B22D49 /* Project object */ = {
			isa = PBXProject;
			attributes = {
				LastSwiftUpdateCheck = 0940;
				LastUpgradeCheck = 0940;
				ORGANIZATIONNAME = "Abdul Nizam Abdul Rahim";
				TargetAttributes = {
					C74AC53220ED477000B22D49 = {
						CreatedOnToolsVersion = 9.4.1;
						LastSwiftMigration = 0940;
					};
					C74AC54620ED477100B22D49 = {
						CreatedOnToolsVersion = 9.4.1;
						TestTargetID = C74AC53220ED477000B22D49;
					};
					C74AC55120ED477100B22D49 = {
						CreatedOnToolsVersion = 9.4.1;
						TestTargetID = C74AC53220ED477000B22D49;
					};
				};
			};
			buildConfigurationList = C74AC52E20ED477000B22D49 /* Build configuration list for PBXProject "SampleApp" */;
			compatibilityVersion = "Xcode 9.3";
			developmentRegion = en;
			hasScannedForEncodings = 0;
			knownRegions = (
				en,
				Base,
			);
			mainGroup = C74AC52A20ED477000B22D49;
			productRefGroup = C74AC53420ED477000B22D49 /* Products */;
			projectDirPath = "";
			projectRoot = "";
			targets = (
				C74AC53220ED477000B22D49 /* SampleApp */,
				C74AC54620ED477100B22D49 /* SampleAppTests */,
				C74AC55120ED477100B22D49 /* SampleAppUITests */,
			);
		};
/* End PBXProject section */

/* Begin PBXResourcesBuildPhase section */
		C74AC53120ED477000B22D49 /* Resources */ = {
			isa = PBXResourcesBuildPhase;
			buildActionMask = 2147483647;
			files = (
				C74AC54120ED477100B22D49 /* LaunchScreen.storyboard in Resources */,
				C74AC53E20ED477100B22D49 /* Assets.xcassets in Resources */,
				C74AC53C20ED477000B22D49 /* Main.storyboard in Resources */,
			);
			runOnlyForDeploymentPostprocessing = 0;
		};
		C74AC54520ED477100B22D49 /* Resources */ = {
			isa = PBXResourcesBuildPhase;
			buildActionMask = 2147483647;
			files = (
			);
			runOnlyForDeploymentPostprocessing = 0;
		};
		C74AC55020ED477100B22D49 /* Resources */ = {
			isa = PBXResourcesBuildPhase;
			buildActionMask = 2147483647;
			files = (
			);
			runOnlyForDeploymentPostprocessing = 0;
		};
/* End PBXResourcesBuildPhase section */

/* Begin PBXSourcesBuildPhase section */
		C74AC52F20ED477000B22D49 /* Sources */ = {
			isa = PBXSourcesBuildPhase;
			buildActionMask = 2147483647;
			files = (
				2ECCBF9D20EDF3FD0019A259 /* ViewController.swift in Sources */,
				C74AC53720ED477000B22D49 /* AppDelegate.swift in Sources */,
				C74AC56C20EFFF4900B22D49 /* SWRevealViewController.m in Sources */,
			);
			runOnlyForDeploymentPostprocessing = 0;
		};
		C74AC54320ED477100B22D49 /* Sources */ = {
			isa = PBXSourcesBuildPhase;
			buildActionMask = 2147483647;
			files = (
				C74AC54C20ED477100B22D49 /* SampleAppTests.swift in Sources */,
			);
			runOnlyForDeploymentPostprocessing = 0;
		};
		C74AC54E20ED477100B22D49 /* Sources */ = {
			isa = PBXSourcesBuildPhase;
			buildActionMask = 2147483647;
			files = (
				C74AC55720ED477100B22D49 /* SampleAppUITests.swift in Sources */,
			);
			runOnlyForDeploymentPostprocessing = 0;
		};
/* End PBXSourcesBuildPhase section */

/* Begin PBXTargetDependency section */
		C74AC54920ED477100B22D49 /* PBXTargetDependency */ = {
			isa = PBXTargetDependency;
			target = C74AC53220ED477000B22D49 /* SampleApp */;
			targetProxy = C74AC54820ED477100B22D49 /* PBXContainerItemProxy */;
		};
		C74AC55420ED477100B22D49 /* PBXTargetDependency */ = {
			isa = PBXTargetDependency;
			target = C74AC53220ED477000B22D49 /* SampleApp */;
			targetProxy = C74AC55320ED477100B22D49 /* PBXContainerItemProxy */;
		};
/* End PBXTargetDependency section */

/* Begin PBXVariantGroup section */
		C74AC53A20ED477000B22D49 /* Main.storyboard */ = {
			isa = PBXVariantGroup;
			children = (
				C74AC53B20ED477000B22D49 /* Base */,
			);
			name = Main.storyboard;
			sourceTree = "<group>";
		};
		C74AC53F20ED477100B22D49 /* LaunchScreen.storyboard */ = {
			isa = PBXVariantGroup;
			children = (
				C74AC54020ED477100B22D49 /* Base */,
			);
			name = LaunchScreen.storyboard;
			sourceTree = "<group>";
		};
/* End PBXVariantGroup section */

/* Begin XCBuildConfiguration section */
		C74AC55920ED477100B22D49 /* Debug */ = {
			isa = XCBuildConfiguration;
			buildSettings = {
				ALWAYS_SEARCH_USER_PATHS = NO;
				CLANG_ANALYZER_NONNULL = YES;
				CLANG_ANALYZER_NUMBER_OBJECT_CONVERSION = YES_AGGRESSIVE;
				CLANG_CXX_LANGUAGE_STANDARD = "gnu++14";
				CLANG_CXX_LIBRARY = "libc++";
				CLANG_ENABLE_MODULES = YES;
				CLANG_ENABLE_OBJC_ARC = YES;
				CLANG_ENABLE_OBJC_WEAK = YES;
				CLANG_WARN_BLOCK_CAPTURE_AUTORELEASING = YES;
				CLANG_WARN_BOOL_CONVERSION = YES;
				CLANG_WARN_COMMA = YES;
				CLANG_WARN_CONSTANT_CONVERSION = YES;
				CLANG_WARN_DEPRECATED_OBJC_IMPLEMENTATIONS = YES;
				CLANG_WARN_DIRECT_OBJC_ISA_USAGE = YES_ERROR;
				CLANG_WARN_DOCUMENTATION_COMMENTS = YES;
				CLANG_WARN_EMPTY_BODY = YES;
				CLANG_WARN_ENUM_CONVERSION = YES;
				CLANG_WARN_INFINITE_RECURSION = YES;
				CLANG_WARN_INT_CONVERSION = YES;
				CLANG_WARN_NON_LITERAL_NULL_CONVERSION = YES;
				CLANG_WARN_OBJC_IMPLICIT_RETAIN_SELF = YES;
				CLANG_WARN_OBJC_LITERAL_CONVERSION = YES;
				CLANG_WARN_OBJC_ROOT_CLASS = YES_ERROR;
				CLANG_WARN_RANGE_LOOP_ANALYSIS = YES;
				CLANG_WARN_STRICT_PROTOTYPES = YES;
				CLANG_WARN_SUSPICIOUS_MOVE = YES;
				CLANG_WARN_UNGUARDED_AVAILABILITY = YES_AGGRESSIVE;
				CLANG_WARN_UNREACHABLE_CODE = YES;
				CLANG_WARN__DUPLICATE_METHOD_MATCH = YES;
				CODE_SIGN_IDENTITY = "iPhone Developer";
				COPY_PHASE_STRIP = NO;
				DEBUG_INFORMATION_FORMAT = dwarf;
				ENABLE_STRICT_OBJC_MSGSEND = YES;
				ENABLE_TESTABILITY = YES;
				GCC_C_LANGUAGE_STANDARD = gnu11;
				GCC_DYNAMIC_NO_PIC = NO;
				GCC_NO_COMMON_BLOCKS = YES;
				GCC_OPTIMIZATION_LEVEL = 0;
				GCC_PREPROCESSOR_DEFINITIONS = (
					"DEBUG=1",
					"$(inherited)",
				);
				GCC_WARN_64_TO_32_BIT_CONVERSION = YES;
				GCC_WARN_ABOUT_RETURN_TYPE = YES_ERROR;
				GCC_WARN_UNDECLARED_SELECTOR = YES;
				GCC_WARN_UNINITIALIZED_AUTOS = YES_AGGRESSIVE;
				GCC_WARN_UNUSED_FUNCTION = YES;
				GCC_WARN_UNUSED_VARIABLE = YES;
				IPHONEOS_DEPLOYMENT_TARGET = 11.4;
				MTL_ENABLE_DEBUG_INFO = YES;
				ONLY_ACTIVE_ARCH = YES;
				SDKROOT = iphoneos;
				SWIFT_ACTIVE_COMPILATION_CONDITIONS = DEBUG;
				SWIFT_OPTIMIZATION_LEVEL = "-Onone";
			};
			name = Debug;
		};
		C74AC55A20ED477100B22D49 /* Release */ = {
			isa = XCBuildConfiguration;
			buildSettings = {
				ALWAYS_SEARCH_USER_PATHS = NO;
				CLANG_ANALYZER_NONNULL = YES;
				CLANG_ANALYZER_NUMBER_OBJECT_CONVERSION = YES_AGGRESSIVE;
				CLANG_CXX_LANGUAGE_STANDARD = "gnu++14";
				CLANG_CXX_LIBRARY = "libc++";
				CLANG_ENABLE_MODULES = YES;
				CLANG_ENABLE_OBJC_ARC = YES;
				CLANG_ENABLE_OBJC_WEAK = YES;
				CLANG_WARN_BLOCK_CAPTURE_AUTORELEASING = YES;
				CLANG_WARN_BOOL_CONVERSION = YES;
				CLANG_WARN_COMMA = YES;
				CLANG_WARN_CONSTANT_CONVERSION = YES;
				CLANG_WARN_DEPRECATED_OBJC_IMPLEMENTATIONS = YES;
				CLANG_WARN_DIRECT_OBJC_ISA_USAGE = YES_ERROR;
				CLANG_WARN_DOCUMENTATION_COMMENTS = YES;
				CLANG_WARN_EMPTY_BODY = YES;
				CLANG_WARN_ENUM_CONVERSION = YES;
				CLANG_WARN_INFINITE_RECURSION = YES;
				CLANG_WARN_INT_CONVERSION = YES;
				CLANG_WARN_NON_LITERAL_NULL_CONVERSION = YES;
				CLANG_WARN_OBJC_IMPLICIT_RETAIN_SELF = YES;
				CLANG_WARN_OBJC_LITERAL_CONVERSION = YES;
				CLANG_WARN_OBJC_ROOT_CLASS = YES_ERROR;
				CLANG_WARN_RANGE_LOOP_ANALYSIS = YES;
				CLANG_WARN_STRICT_PROTOTYPES = YES;
				CLANG_WARN_SUSPICIOUS_MOVE = YES;
				CLANG_WARN_UNGUARDED_AVAILABILITY = YES_AGGRESSIVE;
				CLANG_WARN_UNREACHABLE_CODE = YES;
				CLANG_WARN__DUPLICATE_METHOD_MATCH = YES;
				CODE_SIGN_IDENTITY = "iPhone Developer";
				COPY_PHASE_STRIP = NO;
				DEBUG_INFORMATION_FORMAT = "dwarf-with-dsym";
				ENABLE_NS_ASSERTIONS = NO;
				ENABLE_STRICT_OBJC_MSGSEND = YES;
				GCC_C_LANGUAGE_STANDARD = gnu11;
				GCC_NO_COMMON_BLOCKS = YES;
				GCC_WARN_64_TO_32_BIT_CONVERSION = YES;
				GCC_WARN_ABOUT_RETURN_TYPE = YES_ERROR;
				GCC_WARN_UNDECLARED_SELECTOR = YES;
				GCC_WARN_UNINITIALIZED_AUTOS = YES_AGGRESSIVE;
				GCC_WARN_UNUSED_FUNCTION = YES;
				GCC_WARN_UNUSED_VARIABLE = YES;
				IPHONEOS_DEPLOYMENT_TARGET = 11.4;
				MTL_ENABLE_DEBUG_INFO = NO;
				SDKROOT = iphoneos;
				SWIFT_COMPILATION_MODE = wholemodule;
				SWIFT_OPTIMIZATION_LEVEL = "-O";
				VALIDATE_PRODUCT = YES;
			};
			name = Release;
		};
		C74AC55C20ED477100B22D49 /* Debug */ = {
			isa = XCBuildConfiguration;
			buildSettings = {
				ASSETCATALOG_COMPILER_APPICON_NAME = AppIcon;
				CLANG_ENABLE_MODULES = YES;
				CODE_SIGN_STYLE = Automatic;
				DEVELOPMENT_TEAM = Y7688HVCJ3;
				INFOPLIST_FILE = SampleApp/Info.plist;
				LD_RUNPATH_SEARCH_PATHS = (
					"$(inherited)",
					"@executable_path/Frameworks",
				);
				PRODUCT_BUNDLE_IDENTIFIER = com.freniz.SampleApps;
				PRODUCT_NAME = "$(TARGET_NAME)";
				SWIFT_OBJC_BRIDGING_HEADER = "SampleApp/SampleApp-Bridging-Header.h";
				SWIFT_OPTIMIZATION_LEVEL = "-Onone";
				SWIFT_VERSION = 4.0;
				TARGETED_DEVICE_FAMILY = "1,2";
			};
			name = Debug;
		};
		C74AC55D20ED477100B22D49 /* Release */ = {
			isa = XCBuildConfiguration;
			buildSettings = {
				ASSETCATALOG_COMPILER_APPICON_NAME = AppIcon;
				CLANG_ENABLE_MODULES = YES;
				CODE_SIGN_STYLE = Automatic;
				DEVELOPMENT_TEAM = Y7688HVCJ3;
				INFOPLIST_FILE = SampleApp/Info.plist;
				LD_RUNPATH_SEARCH_PATHS = (
					"$(inherited)",
					"@executable_path/Frameworks",
				);
				PRODUCT_BUNDLE_IDENTIFIER = com.freniz.SampleApps;
				PRODUCT_NAME = "$(TARGET_NAME)";
				SWIFT_OBJC_BRIDGING_HEADER = "SampleApp/SampleApp-Bridging-Header.h";
				SWIFT_VERSION = 4.0;
				TARGETED_DEVICE_FAMILY = "1,2";
			};
			name = Release;
		};
		C74AC55F20ED477100B22D49 /* Debug */ = {
			isa = XCBuildConfiguration;
			buildSettings = {
				ALWAYS_EMBED_SWIFT_STANDARD_LIBRARIES = YES;
				BUNDLE_LOADER = "$(TEST_HOST)";
				CODE_SIGN_STYLE = Automatic;
				DEVELOPMENT_TEAM = Y7688HVCJ3;
				INFOPLIST_FILE = SampleAppTests/Info.plist;
				LD_RUNPATH_SEARCH_PATHS = (
					"$(inherited)",
					"@executable_path/Frameworks",
					"@loader_path/Frameworks",
				);
				PRODUCT_BUNDLE_IDENTIFIER = com.freniz.SampleAppTests;
				PRODUCT_NAME = "$(TARGET_NAME)";
				SWIFT_VERSION = 4.0;
				TARGETED_DEVICE_FAMILY = "1,2";
				TEST_HOST = "$(BUILT_PRODUCTS_DIR)/SampleApp.app/SampleApp";
			};
			name = Debug;
		};
		C74AC56020ED477100B22D49 /* Release */ = {
			isa = XCBuildConfiguration;
			buildSettings = {
				ALWAYS_EMBED_SWIFT_STANDARD_LIBRARIES = YES;
				BUNDLE_LOADER = "$(TEST_HOST)";
				CODE_SIGN_STYLE = Automatic;
				DEVELOPMENT_TEAM = Y7688HVCJ3;
				INFOPLIST_FILE = SampleAppTests/Info.plist;
				LD_RUNPATH_SEARCH_PATHS = (
					"$(inherited)",
					"@executable_path/Frameworks",
					"@loader_path/Frameworks",
				);
				PRODUCT_BUNDLE_IDENTIFIER = com.freniz.SampleAppTests;
				PRODUCT_NAME = "$(TARGET_NAME)";
				SWIFT_VERSION = 4.0;
				TARGETED_DEVICE_FAMILY = "1,2";
				TEST_HOST = "$(BUILT_PRODUCTS_DIR)/SampleApp.app/SampleApp";
			};
			name = Release;
		};
		C74AC56220ED477100B22D49 /* Debug */ = {
			isa = XCBuildConfiguration;
			buildSettings = {
				ALWAYS_EMBED_SWIFT_STANDARD_LIBRARIES = YES;
				CODE_SIGN_STYLE = Automatic;
				DEVELOPMENT_TEAM = Y7688HVCJ3;
				INFOPLIST_FILE = SampleAppUITests/Info.plist;
				LD_RUNPATH_SEARCH_PATHS = (
					"$(inherited)",
					"@executable_path/Frameworks",
					"@loader_path/Frameworks",
				);
				PRODUCT_BUNDLE_IDENTIFIER = com.freniz.SampleAppUITests;
				PRODUCT_NAME = "$(TARGET_NAME)";
				SWIFT_VERSION = 4.0;
				TARGETED_DEVICE_FAMILY = "1,2";
				TEST_TARGET_NAME = SampleApp;
			};
			name = Debug;
		};
		C74AC56320ED477100B22D49 /* Release */ = {
			isa = XCBuildConfiguration;
			buildSettings = {
				ALWAYS_EMBED_SWIFT_STANDARD_LIBRARIES = YES;
				CODE_SIGN_STYLE = Automatic;
				DEVELOPMENT_TEAM = Y7688HVCJ3;
				INFOPLIST_FILE = SampleAppUITests/Info.plist;
				LD_RUNPATH_SEARCH_PATHS = (
					"$(inherited)",
					"@executable_path/Frameworks",
					"@loader_path/Frameworks",
				);
				PRODUCT_BUNDLE_IDENTIFIER = com.freniz.SampleAppUITests;
				PRODUCT_NAME = "$(TARGET_NAME)";
				SWIFT_VERSION = 4.0;
				TARGETED_DEVICE_FAMILY = "1,2";
				TEST_TARGET_NAME = SampleApp;
			};
			name = Release;
		};
/* End XCBuildConfiguration section */

/* Begin XCConfigurationList section */
		C74AC52E20ED477000B22D49 /* Build configuration list for PBXProject "SampleApp" */ = {
			isa = XCConfigurationList;
			buildConfigurations = (
				C74AC55920ED477100B22D49 /* Debug */,
				C74AC55A20ED477100B22D49 /* Release */,
			);
			defaultConfigurationIsVisible = 0;
			defaultConfigurationName = Release;
		};
		C74AC55B20ED477100B22D49 /* Build configuration list for PBXNativeTarget "SampleApp" */ = {
			isa = XCConfigurationList;
			buildConfigurations = (
				C74AC55C20ED477100B22D49 /* Debug */,
				C74AC55D20ED477100B22D49 /* Release */,
			);
			defaultConfigurationIsVisible = 0;
			defaultConfigurationName = Release;
		};
		C74AC55E20ED477100B22D49 /* Build configuration list for PBXNativeTarget "SampleAppTests" */ = {
			isa = XCConfigurationList;
			buildConfigurations = (
				C74AC55F20ED477100B22D49 /* Debug */,
				C74AC56020ED477100B22D49 /* Release */,
			);
			defaultConfigurationIsVisible = 0;
			defaultConfigurationName = Release;
		};
		C74AC56120ED477100B22D49 /* Build configuration list for PBXNativeTarget "SampleAppUITests" */ = {
			isa = XCConfigurationList;
			buildConfigurations = (
				C74AC56220ED477100B22D49 /* Debug */,
				C74AC56320ED477100B22D49 /* Release */,
			);
			defaultConfigurationIsVisible = 0;
			defaultConfigurationName = Release;
		};
/* End XCConfigurationList section */
	};
	rootObject = C74AC52B20ED477000B22D49 /* Project object */;
}
